
Microsoft Visual Studio Solution File, Format Version 12.00
# Visual Studio Version 16
VisualStudioVersion = 16.0.30907.101
MinimumVisualStudioVersion = 10.0.40219.1
Project("{FAE04EC0-301F-11D3-BF4B-00C04F79EFBC}") = "3 laba OOP", "3 laba OOP.csproj", "{5FB01A5D-BE7C-45AF-B3F9-91A4FC9F517F}"
EndProject
Global
	GlobalSection(SolutionConfigurationPlatforms) = preSolution
		Debug|Any CPU = Debug|Any CPU
		Release|Any CPU = Release|Any CPU
	EndGlobalSection
	GlobalSection(ProjectConfigurationPlatforms) = postSolution
		{5FB01A5D-BE7C-45AF-B3F9-91A4FC9F517F}.Debug|Any CPU.ActiveCfg = Debug|Any CPU
		{5FB01A5D-BE7C-45AF-B3F9-91A4FC9F517F}.Debug|Any CPU.Build.0 = Debug|Any CPU
		{5FB01A5D-BE7C-45AF-B3F9-91A4FC9F517F}.Release|Any CPU.ActiveCfg = Release|Any CPU
		{5FB01A5D-BE7C-45AF-B3F9-91A4FC9F517F}.Release|Any CPU.Build.0 = Release|Any CPU
	EndGlobalSection
	GlobalSection(SolutionProperties) = preSolution
		HideSolutionNode = FALSE
	EndGlobalSection
	GlobalSection(ExtensibilityGlobals) = postSolution
		SolutionGuid = {1D643F1E-CC5A-4C47-A046-99E052249BFB}
	EndGlobalSection
EndGlobal
