
Microsoft Visual Studio Solution File, Format Version 12.00
# Visual Studio Version 16
VisualStudioVersion = 16.0.31829.152
MinimumVisualStudioVersion = 10.0.40219.1
Project("{FAE04EC0-301F-11D3-BF4B-00C04F79EFBC}") = "12 laba OOP", "12 laba OOP.csproj", "{AD5E2CDB-C4DC-48DE-BF06-66BC3CB0225B}"
EndProject
Global
	GlobalSection(SolutionConfigurationPlatforms) = preSolution
		Debug|Any CPU = Debug|Any CPU
		Release|Any CPU = Release|Any CPU
	EndGlobalSection
	GlobalSection(ProjectConfigurationPlatforms) = postSolution
		{AD5E2CDB-C4DC-48DE-BF06-66BC3CB0225B}.Debug|Any CPU.ActiveCfg = Debug|Any CPU
		{AD5E2CDB-C4DC-48DE-BF06-66BC3CB0225B}.Debug|Any CPU.Build.0 = Debug|Any CPU
		{AD5E2CDB-C4DC-48DE-BF06-66BC3CB0225B}.Release|Any CPU.ActiveCfg = Release|Any CPU
		{AD5E2CDB-C4DC-48DE-BF06-66BC3CB0225B}.Release|Any CPU.Build.0 = Release|Any CPU
	EndGlobalSection
	GlobalSection(SolutionProperties) = preSolution
		HideSolutionNode = FALSE
	EndGlobalSection
	GlobalSection(ExtensibilityGlobals) = postSolution
		SolutionGuid = {807BCE90-2BEE-4075-8E0D-641A2A717653}
	EndGlobalSection
EndGlobal
